
Microsoft Visual Studio Solution File, Format Version 12.00
# Visual Studio 15
VisualStudioVersion = 15.0.28307.329
MinimumVisualStudioVersion = 10.0.40219.1
Project("{FAE04EC0-301F-11D3-BF4B-00C04F79EFBC}") = "Kenc.Cloudflare.Core.Tests", "Libraries\Kenc.Cloudflare.Core.Tests\Kenc.Cloudflare.Core.Tests.csproj", "{F5E4EE5A-739E-4BDC-B5D9-816F6DB5BD23}"
EndProject
Project("{9A19103F-16F7-4668-BE54-9A1E7A4F7556}") = "Kenc.Cloudflare.Core", "Libraries\Kenc.Cloudflare.Core\Kenc.Cloudflare.Core.csproj", "{61811FD8-A1AA-45B3-83EA-FD9A07F5539E}"
EndProject
Global
	GlobalSection(SolutionConfigurationPlatforms) = preSolution
		Debug|Any CPU = Debug|Any CPU
		Release|Any CPU = Release|Any CPU
	EndGlobalSection
	GlobalSection(ProjectConfigurationPlatforms) = postSolution
		{F5E4EE5A-739E-4BDC-B5D9-816F6DB5BD23}.Debug|Any CPU.ActiveCfg = Debug|Any CPU
		{F5E4EE5A-739E-4BDC-B5D9-816F6DB5BD23}.Debug|Any CPU.Build.0 = Debug|Any CPU
		{F5E4EE5A-739E-4BDC-B5D9-816F6DB5BD23}.Release|Any CPU.ActiveCfg = Release|Any CPU
		{F5E4EE5A-739E-4BDC-B5D9-816F6DB5BD23}.Release|Any CPU.Build.0 = Release|Any CPU
		{61811FD8-A1AA-45B3-83EA-FD9A07F5539E}.Debug|Any CPU.ActiveCfg = Debug|Any CPU
		{61811FD8-A1AA-45B3-83EA-FD9A07F5539E}.Debug|Any CPU.Build.0 = Debug|Any CPU
		{61811FD8-A1AA-45B3-83EA-FD9A07F5539E}.Release|Any CPU.ActiveCfg = Release|Any CPU
		{61811FD8-A1AA-45B3-83EA-FD9A07F5539E}.Release|Any CPU.Build.0 = Release|Any CPU
	EndGlobalSection
	GlobalSection(SolutionProperties) = preSolution
		HideSolutionNode = FALSE
	EndGlobalSection
	GlobalSection(ExtensibilityGlobals) = postSolution
		SolutionGuid = {2E6A6EE0-3DD0-402E-ACBD-8D4AA363D6E1}
	EndGlobalSection
EndGlobal
